
Microsoft Visual Studio Solution File, Format Version 12.00
# Visual Studio Version 16
VisualStudioVersion = 16.0.31424.327
MinimumVisualStudioVersion = 10.0.40219.1
Project("{FAE04EC0-301F-11D3-BF4B-00C04F79EFBC}") = "HomeWork3", "HomeWork3\HomeWork3.csproj", "{1DEDB799-BD21-47E5-BE70-94C582912BA2}"
EndProject
Global
	GlobalSection(SolutionConfigurationPlatforms) = preSolution
		Debug|Any CPU = Debug|Any CPU
		Release|Any CPU = Release|Any CPU
	EndGlobalSection
	GlobalSection(ProjectConfigurationPlatforms) = postSolution
		{1DEDB799-BD21-47E5-BE70-94C582912BA2}.Debug|Any CPU.ActiveCfg = Debug|Any CPU
		{1DEDB799-BD21-47E5-BE70-94C582912BA2}.Debug|Any CPU.Build.0 = Debug|Any CPU
		{1DEDB799-BD21-47E5-BE70-94C582912BA2}.Release|Any CPU.ActiveCfg = Release|Any CPU
		{1DEDB799-BD21-47E5-BE70-94C582912BA2}.Release|Any CPU.Build.0 = Release|Any CPU
	EndGlobalSection
	GlobalSection(SolutionProperties) = preSolution
		HideSolutionNode = FALSE
	EndGlobalSection
	GlobalSection(ExtensibilityGlobals) = postSolution
		SolutionGuid = {10B91F86-776C-488D-9A61-2118653D1F1B}
	EndGlobalSection
EndGlobal
